{
  "nodes": {
    "ansible-akeyless-gen": {
      "inputs": {
        "flake-utils": [
          "flake-utils"
        ],
        "nixpkgs": [
          "nixpkgs"
        ]
      },
      "locked": {
        "lastModified": 1773787689,
        "narHash": "sha256-jzKQFg3GFJ/c/nakWnCg52FEkfL3Z507TgU8i8Im8+Q=",
        "owner": "pleme-io",
        "repo": "ansible-akeyless-gen",
        "rev": "9917f1cbad44a9c213de4e6bc2f4ae29b4de6256",
        "type": "github"
      },
      "original": {
        "owner": "pleme-io",
        "repo": "ansible-akeyless-gen",
        "type": "github"
      }
    },
    "crossplane-akeyless-gen": {
      "inputs": {
        "flake-utils": [
          "flake-utils"
        ],
        "nixpkgs": [
          "nixpkgs"
        ]
      },
      "locked": {
        "lastModified": 1773787689,
        "narHash": "sha256-FdxvlfavveSnOOEKQQxb8KQh3y6/nRF1iR3vKZstc9A=",
        "owner": "pleme-io",
        "repo": "crossplane-akeyless-gen",
        "rev": "ad48afc17bb0548bf888f3bd7daf2c9cfec5242a",
        "type": "github"
      },
      "original": {
        "owner": "pleme-io",
        "repo": "crossplane-akeyless-gen",
        "type": "github"
      }
    },
    "flake-utils": {
      "inputs": {
        "systems": "systems"
      },
      "locked": {
        "lastModified": 1731533236,
        "narHash": "sha256-l0KFg5HjrsfsO/JpG+r7fRrqm12kzFHyUHqHCVpMMbI=",
        "owner": "numtide",
        "repo": "flake-utils",
        "rev": "11707dc2f618dd54ca8739b309ec4fc024de578b",
        "type": "github"
      },
      "original": {
        "owner": "numtide",
        "repo": "flake-utils",
        "type": "github"
      }
    },
    "helm-akeyless-gen": {
      "inputs": {
        "flake-utils": [
          "flake-utils"
        ],
        "nixpkgs": [
          "nixpkgs"
        ]
      },
      "locked": {
        "lastModified": 1773787690,
        "narHash": "sha256-e7TGfc2Vj0LIrbrOlej1qZZTDxCxsbiqqPlCt+TjO2A=",
        "owner": "pleme-io",
        "repo": "helm-akeyless-gen",
        "rev": "8b02747454d2b6394bd6d11d3fe0bad9030c44e1",
        "type": "github"
      },
      "original": {
        "owner": "pleme-io",
        "repo": "helm-akeyless-gen",
        "type": "github"
      }
    },
    "nixpkgs": {
      "locked": {
        "lastModified": 1773705440,
        "narHash": "sha256-xB30bbAp0e7ogSEYyc126mAJMt4FRFh8wtm6ADE1xuM=",
        "owner": "NixOS",
        "repo": "nixpkgs",
        "rev": "48652e9d5aea46e555b3df87354280d4f29cd3a3",
        "type": "github"
      },
      "original": {
        "owner": "NixOS",
        "ref": "nixos-25.11",
        "repo": "nixpkgs",
        "type": "github"
      }
    },
    "pulumi-akeyless-gen": {
      "inputs": {
        "flake-utils": [
          "flake-utils"
        ],
        "nixpkgs": [
          "nixpkgs"
        ]
      },
      "locked": {
        "lastModified": 1773787691,
        "narHash": "sha256-mHpQNDQS4/ELIUuWcCfZLPNsdry5i+RiZ2eCGtsuNZA=",
        "owner": "pleme-io",
        "repo": "pulumi-akeyless-gen",
        "rev": "50d0362fe7bda4a9d15acfc5e7a62bff50fe6be9",
        "type": "github"
      },
      "original": {
        "owner": "pleme-io",
        "repo": "pulumi-akeyless-gen",
        "type": "github"
      }
    },
    "root": {
      "inputs": {
        "ansible-akeyless-gen": "ansible-akeyless-gen",
        "crossplane-akeyless-gen": "crossplane-akeyless-gen",
        "flake-utils": "flake-utils",
        "helm-akeyless-gen": "helm-akeyless-gen",
        "nixpkgs": "nixpkgs",
        "pulumi-akeyless-gen": "pulumi-akeyless-gen",
        "steampipe-akeyless-gen": "steampipe-akeyless-gen",
        "terraform-akeyless-gen": "terraform-akeyless-gen"
      }
    },
    "steampipe-akeyless-gen": {
      "inputs": {
        "flake-utils": [
          "flake-utils"
        ],
        "nixpkgs": [
          "nixpkgs"
        ]
      },
      "locked": {
        "lastModified": 1773787691,
        "narHash": "sha256-gcY+8kBOU+/N+B7w2JXpL2/FdYACFYP24mC6gBh2sqM=",
        "owner": "pleme-io",
        "repo": "steampipe-akeyless-gen",
        "rev": "66204f9455dfb87d9c82b073cf12e92a62eea590",
        "type": "github"
      },
      "original": {
        "owner": "pleme-io",
        "repo": "steampipe-akeyless-gen",
        "type": "github"
      }
    },
    "systems": {
      "locked": {
        "lastModified": 1681028828,
        "narHash": "sha256-Vy1rq5AaRuLzOxct8nz4T6wlgyUR7zLU309k9mBC768=",
        "owner": "nix-systems",
        "repo": "default",
        "rev": "da67096a3b9bf56a91d16901293e51ba5b49a27e",
        "type": "github"
      },
      "original": {
        "owner": "nix-systems",
        "repo": "default",
        "type": "github"
      }
    },
    "terraform-akeyless-gen": {
      "inputs": {
        "flake-utils": [
          "flake-utils"
        ],
        "nixpkgs": [
          "nixpkgs"
        ]
      },
      "locked": {
        "lastModified": 1773787686,
        "narHash": "sha256-eZE4Rwx75aK/mGY7RYdgEuX1ip3mk6tvlPUwVdyS1GU=",
        "owner": "pleme-io",
        "repo": "terraform-akeyless-gen",
        "rev": "52cb04c8373a1c8236fcf64983840598ab5f8ac3",
        "type": "github"
      },
      "original": {
        "owner": "pleme-io",
        "repo": "terraform-akeyless-gen",
        "type": "github"
      }
    }
  },
  "root": "root",
  "version": 7
}
