{
  "nodes": {
    "ansible-akeyless-gen": {
      "inputs": {
        "flake-utils": [
          "flake-utils"
        ],
        "nixpkgs": [
          "nixpkgs"
        ]
      },
      "locked": {
        "lastModified": 1773793616,
        "narHash": "sha256-qyKOIxpx4VjdEKsxhymRdoK74C4r4y38yw0iq9WMi5w=",
        "owner": "pleme-io",
        "repo": "ansible-akeyless-gen",
        "rev": "88c3c09d803c33913117e860c4677efd71b5aa39",
        "type": "github"
      },
      "original": {
        "owner": "pleme-io",
        "repo": "ansible-akeyless-gen",
        "type": "github"
      }
    },
    "crossplane-akeyless-gen": {
      "inputs": {
        "flake-utils": [
          "flake-utils"
        ],
        "nixpkgs": [
          "nixpkgs"
        ]
      },
      "locked": {
        "lastModified": 1773793784,
        "narHash": "sha256-PZYctNtIS5UOCH057iEKPPqpBuB8YYuXehxhFZrJB1U=",
        "owner": "pleme-io",
        "repo": "crossplane-akeyless-gen",
        "rev": "fe7b0a6d06e1727774d8e9e217340152072692af",
        "type": "github"
      },
      "original": {
        "owner": "pleme-io",
        "repo": "crossplane-akeyless-gen",
        "type": "github"
      }
    },
    "flake-utils": {
      "inputs": {
        "systems": "systems"
      },
      "locked": {
        "lastModified": 1731533236,
        "narHash": "sha256-l0KFg5HjrsfsO/JpG+r7fRrqm12kzFHyUHqHCVpMMbI=",
        "owner": "numtide",
        "repo": "flake-utils",
        "rev": "11707dc2f618dd54ca8739b309ec4fc024de578b",
        "type": "github"
      },
      "original": {
        "owner": "numtide",
        "repo": "flake-utils",
        "type": "github"
      }
    },
    "helm-akeyless-gen": {
      "inputs": {
        "flake-utils": [
          "flake-utils"
        ],
        "nixpkgs": [
          "nixpkgs"
        ]
      },
      "locked": {
        "lastModified": 1773793616,
        "narHash": "sha256-OOhAoIpMymXX+3z6ZkFeKC2yyT0wx1BAoWaQqcEbpl8=",
        "owner": "pleme-io",
        "repo": "helm-akeyless-gen",
        "rev": "5e8b0319ae16f0a7fe333b2c0c79f8d26dc4ef6c",
        "type": "github"
      },
      "original": {
        "owner": "pleme-io",
        "repo": "helm-akeyless-gen",
        "type": "github"
      }
    },
    "nixpkgs": {
      "locked": {
        "lastModified": 1773705440,
        "narHash": "sha256-xB30bbAp0e7ogSEYyc126mAJMt4FRFh8wtm6ADE1xuM=",
        "owner": "NixOS",
        "repo": "nixpkgs",
        "rev": "48652e9d5aea46e555b3df87354280d4f29cd3a3",
        "type": "github"
      },
      "original": {
        "owner": "NixOS",
        "ref": "nixos-25.11",
        "repo": "nixpkgs",
        "type": "github"
      }
    },
    "pulumi-akeyless-gen": {
      "inputs": {
        "flake-utils": [
          "flake-utils"
        ],
        "nixpkgs": [
          "nixpkgs"
        ]
      },
      "locked": {
        "lastModified": 1773793617,
        "narHash": "sha256-soYfwHknKZOrp0n47dmqirSRHYefiPKD1BGPQNbkwjs=",
        "owner": "pleme-io",
        "repo": "pulumi-akeyless-gen",
        "rev": "0830fb09fbd37a22d25266951d75bd2bbf8eb853",
        "type": "github"
      },
      "original": {
        "owner": "pleme-io",
        "repo": "pulumi-akeyless-gen",
        "type": "github"
      }
    },
    "root": {
      "inputs": {
        "ansible-akeyless-gen": "ansible-akeyless-gen",
        "crossplane-akeyless-gen": "crossplane-akeyless-gen",
        "flake-utils": "flake-utils",
        "helm-akeyless-gen": "helm-akeyless-gen",
        "nixpkgs": "nixpkgs",
        "pulumi-akeyless-gen": "pulumi-akeyless-gen",
        "steampipe-akeyless-gen": "steampipe-akeyless-gen",
        "terraform-akeyless-gen": "terraform-akeyless-gen"
      }
    },
    "steampipe-akeyless-gen": {
      "inputs": {
        "flake-utils": [
          "flake-utils"
        ],
        "nixpkgs": [
          "nixpkgs"
        ]
      },
      "locked": {
        "lastModified": 1773793615,
        "narHash": "sha256-4YEW+6rGGrgnPLr4+TvDAr/gioPHGdgCPRfBjihpHo0=",
        "owner": "pleme-io",
        "repo": "steampipe-akeyless-gen",
        "rev": "87570164369c83a54e1a4097acc6d3ad0b51ef1b",
        "type": "github"
      },
      "original": {
        "owner": "pleme-io",
        "repo": "steampipe-akeyless-gen",
        "type": "github"
      }
    },
    "systems": {
      "locked": {
        "lastModified": 1681028828,
        "narHash": "sha256-Vy1rq5AaRuLzOxct8nz4T6wlgyUR7zLU309k9mBC768=",
        "owner": "nix-systems",
        "repo": "default",
        "rev": "da67096a3b9bf56a91d16901293e51ba5b49a27e",
        "type": "github"
      },
      "original": {
        "owner": "nix-systems",
        "repo": "default",
        "type": "github"
      }
    },
    "terraform-akeyless-gen": {
      "inputs": {
        "flake-utils": [
          "flake-utils"
        ],
        "nixpkgs": [
          "nixpkgs"
        ]
      },
      "locked": {
        "lastModified": 1773793604,
        "narHash": "sha256-O25oI01qhPkPcsQNu77J5ccFkdPCquJwd8MSfqQYBMo=",
        "owner": "pleme-io",
        "repo": "terraform-akeyless-gen",
        "rev": "b64bc1a40fbe6ac1631c068bcc242172cc2896f7",
        "type": "github"
      },
      "original": {
        "owner": "pleme-io",
        "repo": "terraform-akeyless-gen",
        "type": "github"
      }
    }
  },
  "root": "root",
  "version": 7
}
