{
  "nodes": {
    "ansible-akeyless-gen": {
      "inputs": {
        "flake-utils": [
          "flake-utils"
        ],
        "nixpkgs": [
          "nixpkgs"
        ]
      },
      "locked": {
        "lastModified": 1773856752,
        "narHash": "sha256-PsJ2Av9Yz8IuTbPIasx7luLtPdp8V6RPhVX8jI0HQdY=",
        "owner": "pleme-io",
        "repo": "ansible-akeyless-gen",
        "rev": "0d57c5981a9d8b9f101abe526eee600a15e0e852",
        "type": "github"
      },
      "original": {
        "owner": "pleme-io",
        "repo": "ansible-akeyless-gen",
        "type": "github"
      }
    },
    "crossplane-akeyless-gen": {
      "inputs": {
        "flake-utils": [
          "flake-utils"
        ],
        "nixpkgs": [
          "nixpkgs"
        ]
      },
      "locked": {
        "lastModified": 1773856753,
        "narHash": "sha256-jysJ5SmHvTxyCMNZzsZxLqpMbco7W9MTSoHyJOrgmo0=",
        "owner": "pleme-io",
        "repo": "crossplane-akeyless-gen",
        "rev": "a7db77390750003e04300dc7cde150aa2b50600d",
        "type": "github"
      },
      "original": {
        "owner": "pleme-io",
        "repo": "crossplane-akeyless-gen",
        "type": "github"
      }
    },
    "flake-utils": {
      "inputs": {
        "systems": "systems"
      },
      "locked": {
        "lastModified": 1731533236,
        "narHash": "sha256-l0KFg5HjrsfsO/JpG+r7fRrqm12kzFHyUHqHCVpMMbI=",
        "owner": "numtide",
        "repo": "flake-utils",
        "rev": "11707dc2f618dd54ca8739b309ec4fc024de578b",
        "type": "github"
      },
      "original": {
        "owner": "numtide",
        "repo": "flake-utils",
        "type": "github"
      }
    },
    "helm-akeyless-gen": {
      "inputs": {
        "flake-utils": [
          "flake-utils"
        ],
        "nixpkgs": [
          "nixpkgs"
        ]
      },
      "locked": {
        "lastModified": 1773856751,
        "narHash": "sha256-LrcRkXZD6Lp+CIGR3OTTuQWJ0QDrbh9OH6v0pdSIBVg=",
        "owner": "pleme-io",
        "repo": "helm-akeyless-gen",
        "rev": "ef68e95a77bc36045ad5ed23392716612d09be23",
        "type": "github"
      },
      "original": {
        "owner": "pleme-io",
        "repo": "helm-akeyless-gen",
        "type": "github"
      }
    },
    "nixpkgs": {
      "locked": {
        "lastModified": 1773814637,
        "narHash": "sha256-GNU+ooRmrHLfjlMsKdn0prEKVa0faVanm0jrgu1J/gY=",
        "owner": "NixOS",
        "repo": "nixpkgs",
        "rev": "fea3b367d61c1a6592bc47c72f40a9f3e6a53e96",
        "type": "github"
      },
      "original": {
        "owner": "NixOS",
        "ref": "nixos-25.11",
        "repo": "nixpkgs",
        "type": "github"
      }
    },
    "pulumi-akeyless-gen": {
      "inputs": {
        "flake-utils": [
          "flake-utils"
        ],
        "nixpkgs": [
          "nixpkgs"
        ]
      },
      "locked": {
        "lastModified": 1773856754,
        "narHash": "sha256-96n+V7Pwk45pGpk3lOaGkIUpmlpUWdUhQF8jIcPd42k=",
        "owner": "pleme-io",
        "repo": "pulumi-akeyless-gen",
        "rev": "7a70a14738d34c747a52309a736831ad55701d65",
        "type": "github"
      },
      "original": {
        "owner": "pleme-io",
        "repo": "pulumi-akeyless-gen",
        "type": "github"
      }
    },
    "root": {
      "inputs": {
        "ansible-akeyless-gen": "ansible-akeyless-gen",
        "crossplane-akeyless-gen": "crossplane-akeyless-gen",
        "flake-utils": "flake-utils",
        "helm-akeyless-gen": "helm-akeyless-gen",
        "nixpkgs": "nixpkgs",
        "pulumi-akeyless-gen": "pulumi-akeyless-gen",
        "steampipe-akeyless-gen": "steampipe-akeyless-gen",
        "terraform-akeyless-gen": "terraform-akeyless-gen"
      }
    },
    "steampipe-akeyless-gen": {
      "inputs": {
        "flake-utils": [
          "flake-utils"
        ],
        "nixpkgs": [
          "nixpkgs"
        ]
      },
      "locked": {
        "lastModified": 1773856751,
        "narHash": "sha256-xP9MecL9thJjwAWFONMYSqJkNOQOZPuvfaFzYBbPapk=",
        "owner": "pleme-io",
        "repo": "steampipe-akeyless-gen",
        "rev": "c084ca3a4311c95b832793ec7577b5854944f97b",
        "type": "github"
      },
      "original": {
        "owner": "pleme-io",
        "repo": "steampipe-akeyless-gen",
        "type": "github"
      }
    },
    "systems": {
      "locked": {
        "lastModified": 1681028828,
        "narHash": "sha256-Vy1rq5AaRuLzOxct8nz4T6wlgyUR7zLU309k9mBC768=",
        "owner": "nix-systems",
        "repo": "default",
        "rev": "da67096a3b9bf56a91d16901293e51ba5b49a27e",
        "type": "github"
      },
      "original": {
        "owner": "nix-systems",
        "repo": "default",
        "type": "github"
      }
    },
    "terraform-akeyless-gen": {
      "inputs": {
        "flake-utils": [
          "flake-utils"
        ],
        "nixpkgs": [
          "nixpkgs"
        ]
      },
      "locked": {
        "lastModified": 1773856748,
        "narHash": "sha256-MfveLAWe/Ha9Q9DZLFR7igGcV4Lq18y2mppL74mw0GM=",
        "owner": "pleme-io",
        "repo": "terraform-akeyless-gen",
        "rev": "be8da6176ca61316dbae99f29cedd22d5f73097e",
        "type": "github"
      },
      "original": {
        "owner": "pleme-io",
        "repo": "terraform-akeyless-gen",
        "type": "github"
      }
    }
  },
  "root": "root",
  "version": 7
}
